# This file is automatically @generated by Poetry 1.5.1 and should not be changed by hand.

[[package]]
name = "actions"
version = "1.0.3"
description = "Declarative actions"
optional = false
python-versions = "*"
files = [
    {file = "actions-1.0.3.tar.gz", hash = "sha256:ff8bf50fd1bfcb9e8af1b7e74935435bbd03666289e10321ae2a4a5570aefb9c"},
]

[package.dependencies]
bunch = "1.0.1"

[[package]]
name = "bunch"
version = "1.0.1"
description = "A dot-accessible dictionary (a la JavaScript objects)"
optional = false
python-versions = "*"
files = [
    {file = "bunch-1.0.1.tar.gz", hash = "sha256:50c77a0fc0cb372dfe48b5e11937d5f70e743adbf42683f3a6d2857645a76aaa"},
    {file = "bunch-1.0.1.zip", hash = "sha256:3c554816ba260634b55c1edf8de6467d8122dbd18ec20f323e181869bc48ac93"},
]

[metadata]
lock-version = "2.0"
python-versions = ">=3.10.0,<3.11"
content-hash = "1c8d7f1e74fe0ba0c207f43d8e642d25522db92e6a2d13c3cfd42d22776e7e90"
